
Microsoft Visual Studio Solution File, Format Version 12.00
Project("{2150E333-8FDC-42A3-9474-1A3956D46DE8}") = "src", "src", "{9B1CD867-2972-4AC0-B577-6461069FDBF8}"
EndProject
Project("{FAE04EC0-301F-11D3-BF4B-00C04F79EFBC}") = "Domain", "src\Domain\Domain.csproj", "{C9EFFCA3-20E8-44BA-89F6-FCDA2C216DB6}"
EndProject
Project("{FAE04EC0-301F-11D3-BF4B-00C04F79EFBC}") = "Application", "src\Application\Application.csproj", "{0135F99A-1A81-4836-8727-65DE0918716D}"
EndProject
Project("{FAE04EC0-301F-11D3-BF4B-00C04F79EFBC}") = "Infrastructure", "src\Infrastructure\Infrastructure.csproj", "{337455CC-147F-48CD-A228-879716DAE88B}"
EndProject
Project("{FAE04EC0-301F-11D3-BF4B-00C04F79EFBC}") = "WebAPI", "src\WebAPI\WebAPI.csproj", "{C3468577-0420-4B97-AB77-B8185479106E}"
EndProject
Project("{FAE04EC0-301F-11D3-BF4B-00C04F79EFBC}") = "Persistence", "src\Persistence\Persistence.csproj", "{2F7ACCD4-F394-4906-B30A-54AC26F788A8}"
EndProject
Global
	GlobalSection(SolutionConfigurationPlatforms) = preSolution
		Debug|Any CPU = Debug|Any CPU
		Release|Any CPU = Release|Any CPU
	EndGlobalSection
	GlobalSection(ProjectConfigurationPlatforms) = postSolution
		{C9EFFCA3-20E8-44BA-89F6-FCDA2C216DB6}.Debug|Any CPU.ActiveCfg = Debug|Any CPU
		{C9EFFCA3-20E8-44BA-89F6-FCDA2C216DB6}.Debug|Any CPU.Build.0 = Debug|Any CPU
		{C9EFFCA3-20E8-44BA-89F6-FCDA2C216DB6}.Release|Any CPU.ActiveCfg = Release|Any CPU
		{C9EFFCA3-20E8-44BA-89F6-FCDA2C216DB6}.Release|Any CPU.Build.0 = Release|Any CPU
		{0135F99A-1A81-4836-8727-65DE0918716D}.Debug|Any CPU.ActiveCfg = Debug|Any CPU
		{0135F99A-1A81-4836-8727-65DE0918716D}.Debug|Any CPU.Build.0 = Debug|Any CPU
		{0135F99A-1A81-4836-8727-65DE0918716D}.Release|Any CPU.ActiveCfg = Release|Any CPU
		{0135F99A-1A81-4836-8727-65DE0918716D}.Release|Any CPU.Build.0 = Release|Any CPU
		{337455CC-147F-48CD-A228-879716DAE88B}.Debug|Any CPU.ActiveCfg = Debug|Any CPU
		{337455CC-147F-48CD-A228-879716DAE88B}.Debug|Any CPU.Build.0 = Debug|Any CPU
		{337455CC-147F-48CD-A228-879716DAE88B}.Release|Any CPU.ActiveCfg = Release|Any CPU
		{337455CC-147F-48CD-A228-879716DAE88B}.Release|Any CPU.Build.0 = Release|Any CPU
		{C3468577-0420-4B97-AB77-B8185479106E}.Debug|Any CPU.ActiveCfg = Debug|Any CPU
		{C3468577-0420-4B97-AB77-B8185479106E}.Debug|Any CPU.Build.0 = Debug|Any CPU
		{C3468577-0420-4B97-AB77-B8185479106E}.Release|Any CPU.ActiveCfg = Release|Any CPU
		{C3468577-0420-4B97-AB77-B8185479106E}.Release|Any CPU.Build.0 = Release|Any CPU
		{2F7ACCD4-F394-4906-B30A-54AC26F788A8}.Debug|Any CPU.ActiveCfg = Debug|Any CPU
		{2F7ACCD4-F394-4906-B30A-54AC26F788A8}.Debug|Any CPU.Build.0 = Debug|Any CPU
		{2F7ACCD4-F394-4906-B30A-54AC26F788A8}.Release|Any CPU.ActiveCfg = Release|Any CPU
		{2F7ACCD4-F394-4906-B30A-54AC26F788A8}.Release|Any CPU.Build.0 = Release|Any CPU
	EndGlobalSection
	GlobalSection(NestedProjects) = preSolution
		{C9EFFCA3-20E8-44BA-89F6-FCDA2C216DB6} = {9B1CD867-2972-4AC0-B577-6461069FDBF8}
		{0135F99A-1A81-4836-8727-65DE0918716D} = {9B1CD867-2972-4AC0-B577-6461069FDBF8}
		{337455CC-147F-48CD-A228-879716DAE88B} = {9B1CD867-2972-4AC0-B577-6461069FDBF8}
		{C3468577-0420-4B97-AB77-B8185479106E} = {9B1CD867-2972-4AC0-B577-6461069FDBF8}
		{2F7ACCD4-F394-4906-B30A-54AC26F788A8} = {9B1CD867-2972-4AC0-B577-6461069FDBF8}
	EndGlobalSection
EndGlobal
